
Microsoft Visual Studio Solution File, Format Version 12.00
# Visual Studio 15
VisualStudioVersion = 15.0.27130.2027
MinimumVisualStudioVersion = 10.0.40219.1
Project("{FAE04EC0-301F-11D3-BF4B-00C04F79EFBC}") = "MyCircle", "MyCircle\MyCircle.csproj", "{C146DC77-8FC8-41FC-927E-94F05DE0517C}"
EndProject
Global
	GlobalSection(SolutionConfigurationPlatforms) = preSolution
		Debug|Any CPU = Debug|Any CPU
		Release|Any CPU = Release|Any CPU
	EndGlobalSection
	GlobalSection(ProjectConfigurationPlatforms) = postSolution
		{C146DC77-8FC8-41FC-927E-94F05DE0517C}.Debug|Any CPU.ActiveCfg = Debug|Any CPU
		{C146DC77-8FC8-41FC-927E-94F05DE0517C}.Debug|Any CPU.Build.0 = Debug|Any CPU
		{C146DC77-8FC8-41FC-927E-94F05DE0517C}.Release|Any CPU.ActiveCfg = Release|Any CPU
		{C146DC77-8FC8-41FC-927E-94F05DE0517C}.Release|Any CPU.Build.0 = Release|Any CPU
	EndGlobalSection
	GlobalSection(SolutionProperties) = preSolution
		HideSolutionNode = FALSE
	EndGlobalSection
	GlobalSection(ExtensibilityGlobals) = postSolution
		SolutionGuid = {AD09AE38-C447-4A3B-A4E1-DC150FB6F087}
	EndGlobalSection
EndGlobal
